
Microsoft Visual Studio Solution File, Format Version 12.00
# Visual Studio Version 17
VisualStudioVersion = 17.0.32112.339
MinimumVisualStudioVersion = 10.0.40219.1
Project("{FAE04EC0-301F-11D3-BF4B-00C04F79EFBC}") = "TP_04", "TP_04\TP_04.csproj", "{1B95E323-4880-4EFA-9A79-5B5C900EF354}"
EndProject
Global
	GlobalSection(SolutionConfigurationPlatforms) = preSolution
		Debug|Any CPU = Debug|Any CPU
		Release|Any CPU = Release|Any CPU
	EndGlobalSection
	GlobalSection(ProjectConfigurationPlatforms) = postSolution
		{1B95E323-4880-4EFA-9A79-5B5C900EF354}.Debug|Any CPU.ActiveCfg = Debug|Any CPU
		{1B95E323-4880-4EFA-9A79-5B5C900EF354}.Debug|Any CPU.Build.0 = Debug|Any CPU
		{1B95E323-4880-4EFA-9A79-5B5C900EF354}.Release|Any CPU.ActiveCfg = Release|Any CPU
		{1B95E323-4880-4EFA-9A79-5B5C900EF354}.Release|Any CPU.Build.0 = Release|Any CPU
	EndGlobalSection
	GlobalSection(SolutionProperties) = preSolution
		HideSolutionNode = FALSE
	EndGlobalSection
	GlobalSection(ExtensibilityGlobals) = postSolution
		SolutionGuid = {0D31B37D-39FF-43B0-8A3C-929C82F2C3E9}
	EndGlobalSection
EndGlobal
